
Microsoft Visual Studio Solution File, Format Version 12.00
# Visual Studio Version 17
VisualStudioVersion = 17.11.35222.181
MinimumVisualStudioVersion = 10.0.40219.1
Project("{FAE04EC0-301F-11D3-BF4B-00C04F79EFBC}") = "Wpf_lez02_eventi", "Wpf_lez02_eventi\Wpf_lez02_eventi.csproj", "{015D674B-A2E7-4876-A2E5-4DFCBA39BB0E}"
EndProject
Global
	GlobalSection(SolutionConfigurationPlatforms) = preSolution
		Debug|Any CPU = Debug|Any CPU
		Release|Any CPU = Release|Any CPU
	EndGlobalSection
	GlobalSection(ProjectConfigurationPlatforms) = postSolution
		{015D674B-A2E7-4876-A2E5-4DFCBA39BB0E}.Debug|Any CPU.ActiveCfg = Debug|Any CPU
		{015D674B-A2E7-4876-A2E5-4DFCBA39BB0E}.Debug|Any CPU.Build.0 = Debug|Any CPU
		{015D674B-A2E7-4876-A2E5-4DFCBA39BB0E}.Release|Any CPU.ActiveCfg = Release|Any CPU
		{015D674B-A2E7-4876-A2E5-4DFCBA39BB0E}.Release|Any CPU.Build.0 = Release|Any CPU
	EndGlobalSection
	GlobalSection(SolutionProperties) = preSolution
		HideSolutionNode = FALSE
	EndGlobalSection
	GlobalSection(ExtensibilityGlobals) = postSolution
		SolutionGuid = {D9BFB2B5-80D6-4668-8933-8EB61C3F5252}
	EndGlobalSection
EndGlobal
