
Microsoft Visual Studio Solution File, Format Version 12.00
# Visual Studio Version 17
VisualStudioVersion = 17.11.35222.181
MinimumVisualStudioVersion = 10.0.40219.1
Project("{FAE04EC0-301F-11D3-BF4B-00C04F79EFBC}") = "EF_lez01_introduzione_mapping", "EF_lez01_introduzione_mapping\EF_lez01_introduzione_mapping.csproj", "{F290D42C-F1FE-4BB1-8AAC-4A6BF3582CC6}"
EndProject
Global
	GlobalSection(SolutionConfigurationPlatforms) = preSolution
		Debug|Any CPU = Debug|Any CPU
		Release|Any CPU = Release|Any CPU
	EndGlobalSection
	GlobalSection(ProjectConfigurationPlatforms) = postSolution
		{F290D42C-F1FE-4BB1-8AAC-4A6BF3582CC6}.Debug|Any CPU.ActiveCfg = Debug|Any CPU
		{F290D42C-F1FE-4BB1-8AAC-4A6BF3582CC6}.Debug|Any CPU.Build.0 = Debug|Any CPU
		{F290D42C-F1FE-4BB1-8AAC-4A6BF3582CC6}.Release|Any CPU.ActiveCfg = Release|Any CPU
		{F290D42C-F1FE-4BB1-8AAC-4A6BF3582CC6}.Release|Any CPU.Build.0 = Release|Any CPU
	EndGlobalSection
	GlobalSection(SolutionProperties) = preSolution
		HideSolutionNode = FALSE
	EndGlobalSection
	GlobalSection(ExtensibilityGlobals) = postSolution
		SolutionGuid = {2FA1DA6E-ED07-4940-B8E6-243486D38B3A}
	EndGlobalSection
EndGlobal
