
Microsoft Visual Studio Solution File, Format Version 12.00
# Visual Studio Version 17
VisualStudioVersion = 17.11.35222.181
MinimumVisualStudioVersion = 10.0.40219.1
Project("{FAE04EC0-301F-11D3-BF4B-00C04F79EFBC}") = "LEZ03_04_EREDITARIETA", "LEZ03_04_EREDITARIETA\LEZ03_04_EREDITARIETA.csproj", "{1B3F8188-868E-49B3-90C3-45498BFF2317}"
EndProject
Global
	GlobalSection(SolutionConfigurationPlatforms) = preSolution
		Debug|Any CPU = Debug|Any CPU
		Release|Any CPU = Release|Any CPU
	EndGlobalSection
	GlobalSection(ProjectConfigurationPlatforms) = postSolution
		{1B3F8188-868E-49B3-90C3-45498BFF2317}.Debug|Any CPU.ActiveCfg = Debug|Any CPU
		{1B3F8188-868E-49B3-90C3-45498BFF2317}.Debug|Any CPU.Build.0 = Debug|Any CPU
		{1B3F8188-868E-49B3-90C3-45498BFF2317}.Release|Any CPU.ActiveCfg = Release|Any CPU
		{1B3F8188-868E-49B3-90C3-45498BFF2317}.Release|Any CPU.Build.0 = Release|Any CPU
	EndGlobalSection
	GlobalSection(SolutionProperties) = preSolution
		HideSolutionNode = FALSE
	EndGlobalSection
	GlobalSection(ExtensibilityGlobals) = postSolution
		SolutionGuid = {0ED4B769-0FFA-4E2C-89B1-A02D4553DE74}
	EndGlobalSection
EndGlobal
