
Microsoft Visual Studio Solution File, Format Version 12.00
# Visual Studio Version 17
VisualStudioVersion = 17.11.35222.181
MinimumVisualStudioVersion = 10.0.40219.1
Project("{FAE04EC0-301F-11D3-BF4B-00C04F79EFBC}") = "rest_05_ef_videoteca_ref", "rest_05_ef_videoteca_ref\rest_05_ef_videoteca_ref.csproj", "{5C875C08-45A3-442A-B306-2FCEF6BC9C1D}"
EndProject
Global
	GlobalSection(SolutionConfigurationPlatforms) = preSolution
		Debug|Any CPU = Debug|Any CPU
		Release|Any CPU = Release|Any CPU
	EndGlobalSection
	GlobalSection(ProjectConfigurationPlatforms) = postSolution
		{5C875C08-45A3-442A-B306-2FCEF6BC9C1D}.Debug|Any CPU.ActiveCfg = Debug|Any CPU
		{5C875C08-45A3-442A-B306-2FCEF6BC9C1D}.Debug|Any CPU.Build.0 = Debug|Any CPU
		{5C875C08-45A3-442A-B306-2FCEF6BC9C1D}.Release|Any CPU.ActiveCfg = Release|Any CPU
		{5C875C08-45A3-442A-B306-2FCEF6BC9C1D}.Release|Any CPU.Build.0 = Release|Any CPU
	EndGlobalSection
	GlobalSection(SolutionProperties) = preSolution
		HideSolutionNode = FALSE
	EndGlobalSection
	GlobalSection(ExtensibilityGlobals) = postSolution
		SolutionGuid = {5644A53C-3B8A-44DE-A003-300A23D2D39D}
	EndGlobalSection
EndGlobal
