
Microsoft Visual Studio Solution File, Format Version 12.00
# Visual Studio Version 17
VisualStudioVersion = 17.11.35222.181
MinimumVisualStudioVersion = 10.0.40219.1
Project("{FAE04EC0-301F-11D3-BF4B-00C04F79EFBC}") = "db_lez05_calcolatrice_singleton", "db_lez05_calcolatrice_singleton\db_lez05_calcolatrice_singleton.csproj", "{F582E1BB-1C31-4098-89DA-CD8F3F5A6007}"
EndProject
Global
	GlobalSection(SolutionConfigurationPlatforms) = preSolution
		Debug|Any CPU = Debug|Any CPU
		Release|Any CPU = Release|Any CPU
	EndGlobalSection
	GlobalSection(ProjectConfigurationPlatforms) = postSolution
		{F582E1BB-1C31-4098-89DA-CD8F3F5A6007}.Debug|Any CPU.ActiveCfg = Debug|Any CPU
		{F582E1BB-1C31-4098-89DA-CD8F3F5A6007}.Debug|Any CPU.Build.0 = Debug|Any CPU
		{F582E1BB-1C31-4098-89DA-CD8F3F5A6007}.Release|Any CPU.ActiveCfg = Release|Any CPU
		{F582E1BB-1C31-4098-89DA-CD8F3F5A6007}.Release|Any CPU.Build.0 = Release|Any CPU
	EndGlobalSection
	GlobalSection(SolutionProperties) = preSolution
		HideSolutionNode = FALSE
	EndGlobalSection
	GlobalSection(ExtensibilityGlobals) = postSolution
		SolutionGuid = {04A8DDEB-76FE-4091-8A38-62512549DF19}
	EndGlobalSection
EndGlobal
