
Microsoft Visual Studio Solution File, Format Version 12.00
# Visual Studio Version 17
VisualStudioVersion = 17.11.35222.181
MinimumVisualStudioVersion = 10.0.40219.1
Project("{FAE04EC0-301F-11D3-BF4B-00C04F79EFBC}") = "Esercizio_gestione_libreria", "Esercizio_gestione_libreria\Esercizio_gestione_libreria.csproj", "{801BB254-FDA1-455E-AAAD-A19554762D7B}"
EndProject
Global
	GlobalSection(SolutionConfigurationPlatforms) = preSolution
		Debug|Any CPU = Debug|Any CPU
		Release|Any CPU = Release|Any CPU
	EndGlobalSection
	GlobalSection(ProjectConfigurationPlatforms) = postSolution
		{801BB254-FDA1-455E-AAAD-A19554762D7B}.Debug|Any CPU.ActiveCfg = Debug|Any CPU
		{801BB254-FDA1-455E-AAAD-A19554762D7B}.Debug|Any CPU.Build.0 = Debug|Any CPU
		{801BB254-FDA1-455E-AAAD-A19554762D7B}.Release|Any CPU.ActiveCfg = Release|Any CPU
		{801BB254-FDA1-455E-AAAD-A19554762D7B}.Release|Any CPU.Build.0 = Release|Any CPU
	EndGlobalSection
	GlobalSection(SolutionProperties) = preSolution
		HideSolutionNode = FALSE
	EndGlobalSection
	GlobalSection(ExtensibilityGlobals) = postSolution
		SolutionGuid = {540D3F4D-7E56-4CC4-AD45-80997198E34D}
	EndGlobalSection
EndGlobal
