
Microsoft Visual Studio Solution File, Format Version 12.00
# Visual Studio Version 17
VisualStudioVersion = 17.11.35222.181
MinimumVisualStudioVersion = 10.0.40219.1
Project("{FAE04EC0-301F-11D3-BF4B-00C04F79EFBC}") = "lez03_01_recapclassi", "lez03_01_recapclassi\lez03_01_recapclassi.csproj", "{CC065592-0B69-4976-9AE5-6EA362DFE8EE}"
EndProject
Global
	GlobalSection(SolutionConfigurationPlatforms) = preSolution
		Debug|Any CPU = Debug|Any CPU
		Release|Any CPU = Release|Any CPU
	EndGlobalSection
	GlobalSection(ProjectConfigurationPlatforms) = postSolution
		{CC065592-0B69-4976-9AE5-6EA362DFE8EE}.Debug|Any CPU.ActiveCfg = Debug|Any CPU
		{CC065592-0B69-4976-9AE5-6EA362DFE8EE}.Debug|Any CPU.Build.0 = Debug|Any CPU
		{CC065592-0B69-4976-9AE5-6EA362DFE8EE}.Release|Any CPU.ActiveCfg = Release|Any CPU
		{CC065592-0B69-4976-9AE5-6EA362DFE8EE}.Release|Any CPU.Build.0 = Release|Any CPU
	EndGlobalSection
	GlobalSection(SolutionProperties) = preSolution
		HideSolutionNode = FALSE
	EndGlobalSection
	GlobalSection(ExtensibilityGlobals) = postSolution
		SolutionGuid = {1B08B13C-37D0-4957-878D-0089C121EF73}
	EndGlobalSection
EndGlobal
