
Microsoft Visual Studio Solution File, Format Version 12.00
# Visual Studio Version 17
VisualStudioVersion = 17.11.35222.181
MinimumVisualStudioVersion = 10.0.40219.1
Project("{FAE04EC0-301F-11D3-BF4B-00C04F79EFBC}") = "esercizio_corsi", "esercizio_corsi\esercizio_corsi.csproj", "{BBED7172-14B8-406E-B04E-F530C6B7A9CD}"
EndProject
Global
	GlobalSection(SolutionConfigurationPlatforms) = preSolution
		Debug|Any CPU = Debug|Any CPU
		Release|Any CPU = Release|Any CPU
	EndGlobalSection
	GlobalSection(ProjectConfigurationPlatforms) = postSolution
		{BBED7172-14B8-406E-B04E-F530C6B7A9CD}.Debug|Any CPU.ActiveCfg = Debug|Any CPU
		{BBED7172-14B8-406E-B04E-F530C6B7A9CD}.Debug|Any CPU.Build.0 = Debug|Any CPU
		{BBED7172-14B8-406E-B04E-F530C6B7A9CD}.Release|Any CPU.ActiveCfg = Release|Any CPU
		{BBED7172-14B8-406E-B04E-F530C6B7A9CD}.Release|Any CPU.Build.0 = Release|Any CPU
	EndGlobalSection
	GlobalSection(SolutionProperties) = preSolution
		HideSolutionNode = FALSE
	EndGlobalSection
	GlobalSection(ExtensibilityGlobals) = postSolution
		SolutionGuid = {D3A8C722-187C-4F5C-B0D1-3CEC1CED8052}
	EndGlobalSection
EndGlobal
