
Microsoft Visual Studio Solution File, Format Version 12.00
# Visual Studio Version 17
VisualStudioVersion = 17.11.35222.181
MinimumVisualStudioVersion = 10.0.40219.1
Project("{FAE04EC0-301F-11D3-BF4B-00C04F79EFBC}") = "REST_EF_O6_Migrazioni", "REST_EF_O6_migrazione\REST_EF_O6_Migrazioni.csproj", "{168638F6-9836-43BE-AD3D-CE97EFD0F700}"
EndProject
Global
	GlobalSection(SolutionConfigurationPlatforms) = preSolution
		Debug|Any CPU = Debug|Any CPU
		Release|Any CPU = Release|Any CPU
	EndGlobalSection
	GlobalSection(ProjectConfigurationPlatforms) = postSolution
		{168638F6-9836-43BE-AD3D-CE97EFD0F700}.Debug|Any CPU.ActiveCfg = Debug|Any CPU
		{168638F6-9836-43BE-AD3D-CE97EFD0F700}.Debug|Any CPU.Build.0 = Debug|Any CPU
		{168638F6-9836-43BE-AD3D-CE97EFD0F700}.Release|Any CPU.ActiveCfg = Release|Any CPU
		{168638F6-9836-43BE-AD3D-CE97EFD0F700}.Release|Any CPU.Build.0 = Release|Any CPU
	EndGlobalSection
	GlobalSection(SolutionProperties) = preSolution
		HideSolutionNode = FALSE
	EndGlobalSection
	GlobalSection(ExtensibilityGlobals) = postSolution
		SolutionGuid = {E37EF007-CB29-4CA0-B996-07B8E4F12179}
	EndGlobalSection
EndGlobal
