
Microsoft Visual Studio Solution File, Format Version 12.00
# Visual Studio Version 17
VisualStudioVersion = 17.11.35222.181
MinimumVisualStudioVersion = 10.0.40219.1
Project("{FAE04EC0-301F-11D3-BF4B-00C04F79EFBC}") = "Rest_08_Mongodb", "Rest_08_Mongodb\Rest_08_Mongodb.csproj", "{C6F2A6F6-6C86-4480-B83E-6EE028D90025}"
EndProject
Global
	GlobalSection(SolutionConfigurationPlatforms) = preSolution
		Debug|Any CPU = Debug|Any CPU
		Release|Any CPU = Release|Any CPU
	EndGlobalSection
	GlobalSection(ProjectConfigurationPlatforms) = postSolution
		{C6F2A6F6-6C86-4480-B83E-6EE028D90025}.Debug|Any CPU.ActiveCfg = Debug|Any CPU
		{C6F2A6F6-6C86-4480-B83E-6EE028D90025}.Debug|Any CPU.Build.0 = Debug|Any CPU
		{C6F2A6F6-6C86-4480-B83E-6EE028D90025}.Release|Any CPU.ActiveCfg = Release|Any CPU
		{C6F2A6F6-6C86-4480-B83E-6EE028D90025}.Release|Any CPU.Build.0 = Release|Any CPU
	EndGlobalSection
	GlobalSection(SolutionProperties) = preSolution
		HideSolutionNode = FALSE
	EndGlobalSection
	GlobalSection(ExtensibilityGlobals) = postSolution
		SolutionGuid = {127147D3-5D64-4206-918A-6AB7DA0390B1}
	EndGlobalSection
EndGlobal
