
Microsoft Visual Studio Solution File, Format Version 12.00
# Visual Studio Version 17
VisualStudioVersion = 17.11.35222.181
MinimumVisualStudioVersion = 10.0.40219.1
Project("{FAE04EC0-301F-11D3-BF4B-00C04F79EFBC}") = "EF_lez02_otm", "EF_lez02_otm\EF_lez02_otm.csproj", "{8664C011-76F6-4044-B413-CF9450CFBDE7}"
EndProject
Global
	GlobalSection(SolutionConfigurationPlatforms) = preSolution
		Debug|Any CPU = Debug|Any CPU
		Release|Any CPU = Release|Any CPU
	EndGlobalSection
	GlobalSection(ProjectConfigurationPlatforms) = postSolution
		{8664C011-76F6-4044-B413-CF9450CFBDE7}.Debug|Any CPU.ActiveCfg = Debug|Any CPU
		{8664C011-76F6-4044-B413-CF9450CFBDE7}.Debug|Any CPU.Build.0 = Debug|Any CPU
		{8664C011-76F6-4044-B413-CF9450CFBDE7}.Release|Any CPU.ActiveCfg = Release|Any CPU
		{8664C011-76F6-4044-B413-CF9450CFBDE7}.Release|Any CPU.Build.0 = Release|Any CPU
	EndGlobalSection
	GlobalSection(SolutionProperties) = preSolution
		HideSolutionNode = FALSE
	EndGlobalSection
	GlobalSection(ExtensibilityGlobals) = postSolution
		SolutionGuid = {83BACD09-B022-40CF-9803-C0B880B2FB35}
	EndGlobalSection
EndGlobal
