
Microsoft Visual Studio Solution File, Format Version 12.00
# Visual Studio Version 17
VisualStudioVersion = 17.11.35222.181
MinimumVisualStudioVersion = 10.0.40219.1
Project("{FAE04EC0-301F-11D3-BF4B-00C04F79EFBC}") = "Linw_lez01_filtrinumeri", "Linw_lez01_filtrinumeri\Linw_lez01_filtrinumeri.csproj", "{04CBADAB-D7E6-455C-869E-E9E21E495626}"
EndProject
Global
	GlobalSection(SolutionConfigurationPlatforms) = preSolution
		Debug|Any CPU = Debug|Any CPU
		Release|Any CPU = Release|Any CPU
	EndGlobalSection
	GlobalSection(ProjectConfigurationPlatforms) = postSolution
		{04CBADAB-D7E6-455C-869E-E9E21E495626}.Debug|Any CPU.ActiveCfg = Debug|Any CPU
		{04CBADAB-D7E6-455C-869E-E9E21E495626}.Debug|Any CPU.Build.0 = Debug|Any CPU
		{04CBADAB-D7E6-455C-869E-E9E21E495626}.Release|Any CPU.ActiveCfg = Release|Any CPU
		{04CBADAB-D7E6-455C-869E-E9E21E495626}.Release|Any CPU.Build.0 = Release|Any CPU
	EndGlobalSection
	GlobalSection(SolutionProperties) = preSolution
		HideSolutionNode = FALSE
	EndGlobalSection
	GlobalSection(ExtensibilityGlobals) = postSolution
		SolutionGuid = {F873782A-90C1-488F-A102-F8BD16723E8B}
	EndGlobalSection
EndGlobal
