
Microsoft Visual Studio Solution File, Format Version 12.00
# Visual Studio Version 17
VisualStudioVersion = 17.11.35222.181
MinimumVisualStudioVersion = 10.0.40219.1
Project("{FAE04EC0-301F-11D3-BF4B-00C04F79EFBC}") = "rest_ef_06_migrazione", "rest_ef_06_migrazione\rest_ef_06_migrazione.csproj", "{2A3E1F99-3368-409D-A228-104562542C57}"
EndProject
Global
	GlobalSection(SolutionConfigurationPlatforms) = preSolution
		Debug|Any CPU = Debug|Any CPU
		Release|Any CPU = Release|Any CPU
	EndGlobalSection
	GlobalSection(ProjectConfigurationPlatforms) = postSolution
		{2A3E1F99-3368-409D-A228-104562542C57}.Debug|Any CPU.ActiveCfg = Debug|Any CPU
		{2A3E1F99-3368-409D-A228-104562542C57}.Debug|Any CPU.Build.0 = Debug|Any CPU
		{2A3E1F99-3368-409D-A228-104562542C57}.Release|Any CPU.ActiveCfg = Release|Any CPU
		{2A3E1F99-3368-409D-A228-104562542C57}.Release|Any CPU.Build.0 = Release|Any CPU
	EndGlobalSection
	GlobalSection(SolutionProperties) = preSolution
		HideSolutionNode = FALSE
	EndGlobalSection
	GlobalSection(ExtensibilityGlobals) = postSolution
		SolutionGuid = {F6EE4943-6094-4026-A7DB-DCE2983D60B4}
	EndGlobalSection
EndGlobal
