
Microsoft Visual Studio Solution File, Format Version 12.00
# Visual Studio Version 17
VisualStudioVersion = 17.11.35222.181
MinimumVisualStudioVersion = 10.0.40219.1
Project("{FAE04EC0-301F-11D3-BF4B-00C04F79EFBC}") = "WebApplication2", "WebApplication2\WebApplication2.csproj", "{3D73370F-C789-4194-BFB3-5F1DCE458940}"
EndProject
Global
	GlobalSection(SolutionConfigurationPlatforms) = preSolution
		Debug|Any CPU = Debug|Any CPU
		Release|Any CPU = Release|Any CPU
	EndGlobalSection
	GlobalSection(ProjectConfigurationPlatforms) = postSolution
		{3D73370F-C789-4194-BFB3-5F1DCE458940}.Debug|Any CPU.ActiveCfg = Debug|Any CPU
		{3D73370F-C789-4194-BFB3-5F1DCE458940}.Debug|Any CPU.Build.0 = Debug|Any CPU
		{3D73370F-C789-4194-BFB3-5F1DCE458940}.Release|Any CPU.ActiveCfg = Release|Any CPU
		{3D73370F-C789-4194-BFB3-5F1DCE458940}.Release|Any CPU.Build.0 = Release|Any CPU
	EndGlobalSection
	GlobalSection(SolutionProperties) = preSolution
		HideSolutionNode = FALSE
	EndGlobalSection
	GlobalSection(ExtensibilityGlobals) = postSolution
		SolutionGuid = {CEE5E31E-E5DF-489C-B601-084430239641}
	EndGlobalSection
EndGlobal
