
Microsoft Visual Studio Solution File, Format Version 12.00
# Visual Studio Version 17
VisualStudioVersion = 17.11.35222.181
MinimumVisualStudioVersion = 10.0.40219.1
Project("{FAE04EC0-301F-11D3-BF4B-00C04F79EFBC}") = "lez06_02_hashtable_dictionary", "lez06_02_hashtable_dictionary\lez06_02_hashtable_dictionary.csproj", "{C66E898E-5192-47ED-A512-090057A069BF}"
EndProject
Global
	GlobalSection(SolutionConfigurationPlatforms) = preSolution
		Debug|Any CPU = Debug|Any CPU
		Release|Any CPU = Release|Any CPU
	EndGlobalSection
	GlobalSection(ProjectConfigurationPlatforms) = postSolution
		{C66E898E-5192-47ED-A512-090057A069BF}.Debug|Any CPU.ActiveCfg = Debug|Any CPU
		{C66E898E-5192-47ED-A512-090057A069BF}.Debug|Any CPU.Build.0 = Debug|Any CPU
		{C66E898E-5192-47ED-A512-090057A069BF}.Release|Any CPU.ActiveCfg = Release|Any CPU
		{C66E898E-5192-47ED-A512-090057A069BF}.Release|Any CPU.Build.0 = Release|Any CPU
	EndGlobalSection
	GlobalSection(SolutionProperties) = preSolution
		HideSolutionNode = FALSE
	EndGlobalSection
	GlobalSection(ExtensibilityGlobals) = postSolution
		SolutionGuid = {54AD3E5A-BB47-44D1-AEDB-E89E18AE5A4C}
	EndGlobalSection
EndGlobal
