
Microsoft Visual Studio Solution File, Format Version 12.00
# Visual Studio Version 17
VisualStudioVersion = 17.11.35222.181
MinimumVisualStudioVersion = 10.0.40219.1
Project("{FAE04EC0-301F-11D3-BF4B-00C04F79EFBC}") = "lez04_02_composizioni", "lez04_02_composizioni\lez04_02_composizioni.csproj", "{37EF10FA-8F1E-489D-9CF2-E8258F2017E8}"
EndProject
Global
	GlobalSection(SolutionConfigurationPlatforms) = preSolution
		Debug|Any CPU = Debug|Any CPU
		Release|Any CPU = Release|Any CPU
	EndGlobalSection
	GlobalSection(ProjectConfigurationPlatforms) = postSolution
		{37EF10FA-8F1E-489D-9CF2-E8258F2017E8}.Debug|Any CPU.ActiveCfg = Debug|Any CPU
		{37EF10FA-8F1E-489D-9CF2-E8258F2017E8}.Debug|Any CPU.Build.0 = Debug|Any CPU
		{37EF10FA-8F1E-489D-9CF2-E8258F2017E8}.Release|Any CPU.ActiveCfg = Release|Any CPU
		{37EF10FA-8F1E-489D-9CF2-E8258F2017E8}.Release|Any CPU.Build.0 = Release|Any CPU
	EndGlobalSection
	GlobalSection(SolutionProperties) = preSolution
		HideSolutionNode = FALSE
	EndGlobalSection
	GlobalSection(ExtensibilityGlobals) = postSolution
		SolutionGuid = {291CFB6F-3752-4878-A0AE-CD4BE4A48478}
	EndGlobalSection
EndGlobal
