
Microsoft Visual Studio Solution File, Format Version 12.00
# Visual Studio Version 17
VisualStudioVersion = 17.11.35222.181
MinimumVisualStudioVersion = 10.0.40219.1
Project("{FAE04EC0-301F-11D3-BF4B-00C04F79EFBC}") = "db_lez10_migrazione", "db_lez10_migrazione\db_lez10_migrazione.csproj", "{597D5F38-2857-4118-A816-69CDA08EBD64}"
EndProject
Global
	GlobalSection(SolutionConfigurationPlatforms) = preSolution
		Debug|Any CPU = Debug|Any CPU
		Release|Any CPU = Release|Any CPU
	EndGlobalSection
	GlobalSection(ProjectConfigurationPlatforms) = postSolution
		{597D5F38-2857-4118-A816-69CDA08EBD64}.Debug|Any CPU.ActiveCfg = Debug|Any CPU
		{597D5F38-2857-4118-A816-69CDA08EBD64}.Debug|Any CPU.Build.0 = Debug|Any CPU
		{597D5F38-2857-4118-A816-69CDA08EBD64}.Release|Any CPU.ActiveCfg = Release|Any CPU
		{597D5F38-2857-4118-A816-69CDA08EBD64}.Release|Any CPU.Build.0 = Release|Any CPU
	EndGlobalSection
	GlobalSection(SolutionProperties) = preSolution
		HideSolutionNode = FALSE
	EndGlobalSection
	GlobalSection(ExtensibilityGlobals) = postSolution
		SolutionGuid = {7BC032F5-2BF8-4A75-8C4B-EDAAA52CCE37}
	EndGlobalSection
EndGlobal
